
Microsoft Visual Studio Solution File, Format Version 12.00
# Visual Studio Version 17
VisualStudioVersion = 17.0.32112.339
MinimumVisualStudioVersion = 10.0.40219.1
Project("{FAE04EC0-301F-11D3-BF4B-00C04F79EFBC}") = "VortexFileClient", "VortexFileClient\VortexFileClient.csproj", "{FAACD540-4394-4F75-A19A-5871FBC20FF9}"
EndProject
Project("{FAE04EC0-301F-11D3-BF4B-00C04F79EFBC}") = "Captcha", "Captcha\Captcha.csproj", "{85BC29FE-E20D-4D8C-9CDD-6555E99FFD8A}"
EndProject
Global
	GlobalSection(SolutionConfigurationPlatforms) = preSolution
		Debug|Any CPU = Debug|Any CPU
		Release|Any CPU = Release|Any CPU
	EndGlobalSection
	GlobalSection(ProjectConfigurationPlatforms) = postSolution
		{FAACD540-4394-4F75-A19A-5871FBC20FF9}.Debug|Any CPU.ActiveCfg = Debug|Any CPU
		{FAACD540-4394-4F75-A19A-5871FBC20FF9}.Debug|Any CPU.Build.0 = Debug|Any CPU
		{FAACD540-4394-4F75-A19A-5871FBC20FF9}.Release|Any CPU.ActiveCfg = Release|Any CPU
		{FAACD540-4394-4F75-A19A-5871FBC20FF9}.Release|Any CPU.Build.0 = Release|Any CPU
		{85BC29FE-E20D-4D8C-9CDD-6555E99FFD8A}.Debug|Any CPU.ActiveCfg = Debug|Any CPU
		{85BC29FE-E20D-4D8C-9CDD-6555E99FFD8A}.Debug|Any CPU.Build.0 = Debug|Any CPU
		{85BC29FE-E20D-4D8C-9CDD-6555E99FFD8A}.Release|Any CPU.ActiveCfg = Release|Any CPU
		{85BC29FE-E20D-4D8C-9CDD-6555E99FFD8A}.Release|Any CPU.Build.0 = Release|Any CPU
	EndGlobalSection
	GlobalSection(SolutionProperties) = preSolution
		HideSolutionNode = FALSE
	EndGlobalSection
	GlobalSection(ExtensibilityGlobals) = postSolution
		SolutionGuid = {B6F65518-990F-49B0-B6CD-13E57DD66012}
	EndGlobalSection
EndGlobal
